
Microsoft Visual Studio Solution File, Format Version 12.00
# Visual Studio Version 17
VisualStudioVersion = 17.0.31903.59
MinimumVisualStudioVersion = 10.0.40219.1
Project("{FAE04EC0-301F-11D3-BF4B-00C04F79EFBC}") = "WstepDoOOP", "WstepDoOOP\WstepDoOOP.csproj", "{205ED6A4-3A53-4C7F-B98A-588A84FE9D69}"
EndProject
Project("{FAE04EC0-301F-11D3-BF4B-00C04F79EFBC}") = "Dziedziczenie", "Dziedziczenie\Dziedziczenie.csproj", "{EA48B7AF-7190-4F5D-8DC5-5F07E55C432E}"
EndProject
Project("{FAE04EC0-301F-11D3-BF4B-00C04F79EFBC}") = "Listy", "Listy\Listy.csproj", "{BBFFFF8A-2D0F-49FC-B988-AF412CE41F45}"
EndProject
Project("{FAE04EC0-301F-11D3-BF4B-00C04F79EFBC}") = "GraRPG", "GraRPG\GraRPG.csproj", "{6CC78B2E-B2B4-4FCD-8C82-118CE113F342}"
EndProject
Project("{FAE04EC0-301F-11D3-BF4B-00C04F79EFBC}") = "RayLibProject", "RayLibProject\RayLibProject.csproj", "{41EDB911-6C8B-4991-81E7-B0FCD9CEDDC4}"
EndProject
Project("{FAE04EC0-301F-11D3-BF4B-00C04F79EFBC}") = "Snake", "Snake\Snake.csproj", "{FAC847F8-4EC1-4889-937F-61BF00A65974}"
EndProject
Global
	GlobalSection(SolutionConfigurationPlatforms) = preSolution
		Debug|Any CPU = Debug|Any CPU
		Debug|x64 = Debug|x64
		Debug|x86 = Debug|x86
		Release|Any CPU = Release|Any CPU
		Release|x64 = Release|x64
		Release|x86 = Release|x86
	EndGlobalSection
	GlobalSection(ProjectConfigurationPlatforms) = postSolution
		{205ED6A4-3A53-4C7F-B98A-588A84FE9D69}.Debug|Any CPU.ActiveCfg = Debug|Any CPU
		{205ED6A4-3A53-4C7F-B98A-588A84FE9D69}.Debug|Any CPU.Build.0 = Debug|Any CPU
		{205ED6A4-3A53-4C7F-B98A-588A84FE9D69}.Debug|x64.ActiveCfg = Debug|Any CPU
		{205ED6A4-3A53-4C7F-B98A-588A84FE9D69}.Debug|x64.Build.0 = Debug|Any CPU
		{205ED6A4-3A53-4C7F-B98A-588A84FE9D69}.Debug|x86.ActiveCfg = Debug|Any CPU
		{205ED6A4-3A53-4C7F-B98A-588A84FE9D69}.Debug|x86.Build.0 = Debug|Any CPU
		{205ED6A4-3A53-4C7F-B98A-588A84FE9D69}.Release|Any CPU.ActiveCfg = Release|Any CPU
		{205ED6A4-3A53-4C7F-B98A-588A84FE9D69}.Release|Any CPU.Build.0 = Release|Any CPU
		{205ED6A4-3A53-4C7F-B98A-588A84FE9D69}.Release|x64.ActiveCfg = Release|Any CPU
		{205ED6A4-3A53-4C7F-B98A-588A84FE9D69}.Release|x64.Build.0 = Release|Any CPU
		{205ED6A4-3A53-4C7F-B98A-588A84FE9D69}.Release|x86.ActiveCfg = Release|Any CPU
		{205ED6A4-3A53-4C7F-B98A-588A84FE9D69}.Release|x86.Build.0 = Release|Any CPU
		{EA48B7AF-7190-4F5D-8DC5-5F07E55C432E}.Debug|Any CPU.ActiveCfg = Debug|Any CPU
		{EA48B7AF-7190-4F5D-8DC5-5F07E55C432E}.Debug|Any CPU.Build.0 = Debug|Any CPU
		{EA48B7AF-7190-4F5D-8DC5-5F07E55C432E}.Debug|x64.ActiveCfg = Debug|Any CPU
		{EA48B7AF-7190-4F5D-8DC5-5F07E55C432E}.Debug|x64.Build.0 = Debug|Any CPU
		{EA48B7AF-7190-4F5D-8DC5-5F07E55C432E}.Debug|x86.ActiveCfg = Debug|Any CPU
		{EA48B7AF-7190-4F5D-8DC5-5F07E55C432E}.Debug|x86.Build.0 = Debug|Any CPU
		{EA48B7AF-7190-4F5D-8DC5-5F07E55C432E}.Release|Any CPU.ActiveCfg = Release|Any CPU
		{EA48B7AF-7190-4F5D-8DC5-5F07E55C432E}.Release|Any CPU.Build.0 = Release|Any CPU
		{EA48B7AF-7190-4F5D-8DC5-5F07E55C432E}.Release|x64.ActiveCfg = Release|Any CPU
		{EA48B7AF-7190-4F5D-8DC5-5F07E55C432E}.Release|x64.Build.0 = Release|Any CPU
		{EA48B7AF-7190-4F5D-8DC5-5F07E55C432E}.Release|x86.ActiveCfg = Release|Any CPU
		{EA48B7AF-7190-4F5D-8DC5-5F07E55C432E}.Release|x86.Build.0 = Release|Any CPU
		{BBFFFF8A-2D0F-49FC-B988-AF412CE41F45}.Debug|Any CPU.ActiveCfg = Debug|Any CPU
		{BBFFFF8A-2D0F-49FC-B988-AF412CE41F45}.Debug|Any CPU.Build.0 = Debug|Any CPU
		{BBFFFF8A-2D0F-49FC-B988-AF412CE41F45}.Debug|x64.ActiveCfg = Debug|Any CPU
		{BBFFFF8A-2D0F-49FC-B988-AF412CE41F45}.Debug|x64.Build.0 = Debug|Any CPU
		{BBFFFF8A-2D0F-49FC-B988-AF412CE41F45}.Debug|x86.ActiveCfg = Debug|Any CPU
		{BBFFFF8A-2D0F-49FC-B988-AF412CE41F45}.Debug|x86.Build.0 = Debug|Any CPU
		{BBFFFF8A-2D0F-49FC-B988-AF412CE41F45}.Release|Any CPU.ActiveCfg = Release|Any CPU
		{BBFFFF8A-2D0F-49FC-B988-AF412CE41F45}.Release|Any CPU.Build.0 = Release|Any CPU
		{BBFFFF8A-2D0F-49FC-B988-AF412CE41F45}.Release|x64.ActiveCfg = Release|Any CPU
		{BBFFFF8A-2D0F-49FC-B988-AF412CE41F45}.Release|x64.Build.0 = Release|Any CPU
		{BBFFFF8A-2D0F-49FC-B988-AF412CE41F45}.Release|x86.ActiveCfg = Release|Any CPU
		{BBFFFF8A-2D0F-49FC-B988-AF412CE41F45}.Release|x86.Build.0 = Release|Any CPU
		{6CC78B2E-B2B4-4FCD-8C82-118CE113F342}.Debug|Any CPU.ActiveCfg = Debug|Any CPU
		{6CC78B2E-B2B4-4FCD-8C82-118CE113F342}.Debug|Any CPU.Build.0 = Debug|Any CPU
		{6CC78B2E-B2B4-4FCD-8C82-118CE113F342}.Debug|x64.ActiveCfg = Debug|Any CPU
		{6CC78B2E-B2B4-4FCD-8C82-118CE113F342}.Debug|x64.Build.0 = Debug|Any CPU
		{6CC78B2E-B2B4-4FCD-8C82-118CE113F342}.Debug|x86.ActiveCfg = Debug|Any CPU
		{6CC78B2E-B2B4-4FCD-8C82-118CE113F342}.Debug|x86.Build.0 = Debug|Any CPU
		{6CC78B2E-B2B4-4FCD-8C82-118CE113F342}.Release|Any CPU.ActiveCfg = Release|Any CPU
		{6CC78B2E-B2B4-4FCD-8C82-118CE113F342}.Release|Any CPU.Build.0 = Release|Any CPU
		{6CC78B2E-B2B4-4FCD-8C82-118CE113F342}.Release|x64.ActiveCfg = Release|Any CPU
		{6CC78B2E-B2B4-4FCD-8C82-118CE113F342}.Release|x64.Build.0 = Release|Any CPU
		{6CC78B2E-B2B4-4FCD-8C82-118CE113F342}.Release|x86.ActiveCfg = Release|Any CPU
		{6CC78B2E-B2B4-4FCD-8C82-118CE113F342}.Release|x86.Build.0 = Release|Any CPU
		{41EDB911-6C8B-4991-81E7-B0FCD9CEDDC4}.Debug|Any CPU.ActiveCfg = Debug|Any CPU
		{41EDB911-6C8B-4991-81E7-B0FCD9CEDDC4}.Debug|Any CPU.Build.0 = Debug|Any CPU
		{41EDB911-6C8B-4991-81E7-B0FCD9CEDDC4}.Debug|x64.ActiveCfg = Debug|Any CPU
		{41EDB911-6C8B-4991-81E7-B0FCD9CEDDC4}.Debug|x64.Build.0 = Debug|Any CPU
		{41EDB911-6C8B-4991-81E7-B0FCD9CEDDC4}.Debug|x86.ActiveCfg = Debug|Any CPU
		{41EDB911-6C8B-4991-81E7-B0FCD9CEDDC4}.Debug|x86.Build.0 = Debug|Any CPU
		{41EDB911-6C8B-4991-81E7-B0FCD9CEDDC4}.Release|Any CPU.ActiveCfg = Release|Any CPU
		{41EDB911-6C8B-4991-81E7-B0FCD9CEDDC4}.Release|Any CPU.Build.0 = Release|Any CPU
		{41EDB911-6C8B-4991-81E7-B0FCD9CEDDC4}.Release|x64.ActiveCfg = Release|Any CPU
		{41EDB911-6C8B-4991-81E7-B0FCD9CEDDC4}.Release|x64.Build.0 = Release|Any CPU
		{41EDB911-6C8B-4991-81E7-B0FCD9CEDDC4}.Release|x86.ActiveCfg = Release|Any CPU
		{41EDB911-6C8B-4991-81E7-B0FCD9CEDDC4}.Release|x86.Build.0 = Release|Any CPU
		{FAC847F8-4EC1-4889-937F-61BF00A65974}.Debug|Any CPU.ActiveCfg = Debug|Any CPU
		{FAC847F8-4EC1-4889-937F-61BF00A65974}.Debug|Any CPU.Build.0 = Debug|Any CPU
		{FAC847F8-4EC1-4889-937F-61BF00A65974}.Debug|x64.ActiveCfg = Debug|Any CPU
		{FAC847F8-4EC1-4889-937F-61BF00A65974}.Debug|x64.Build.0 = Debug|Any CPU
		{FAC847F8-4EC1-4889-937F-61BF00A65974}.Debug|x86.ActiveCfg = Debug|Any CPU
		{FAC847F8-4EC1-4889-937F-61BF00A65974}.Debug|x86.Build.0 = Debug|Any CPU
		{FAC847F8-4EC1-4889-937F-61BF00A65974}.Release|Any CPU.ActiveCfg = Release|Any CPU
		{FAC847F8-4EC1-4889-937F-61BF00A65974}.Release|Any CPU.Build.0 = Release|Any CPU
		{FAC847F8-4EC1-4889-937F-61BF00A65974}.Release|x64.ActiveCfg = Release|Any CPU
		{FAC847F8-4EC1-4889-937F-61BF00A65974}.Release|x64.Build.0 = Release|Any CPU
		{FAC847F8-4EC1-4889-937F-61BF00A65974}.Release|x86.ActiveCfg = Release|Any CPU
		{FAC847F8-4EC1-4889-937F-61BF00A65974}.Release|x86.Build.0 = Release|Any CPU
	EndGlobalSection
	GlobalSection(SolutionProperties) = preSolution
		HideSolutionNode = FALSE
	EndGlobalSection
EndGlobal
